// !$*UTF8*$!
{
	archiveVersion = 1;
	classes = {
	};
	objectVersion = 48;
	objects = {

/* Begin PBXBuildFile section */
		63A681F1202E5F9D90BA3DAA /* Pods_NetcoDemo.framework in Frameworks */ = {isa = PBXBuildFile; fileRef = E788F19EE4326ACDCBBC3FF3 /* Pods_NetcoDemo.framework */; };
		B581EE271FD82ECE00615865 /* AppDelegate.swift in Sources */ = {isa = PBXBuildFile; fileRef = B581EE261FD82ECE00615865 /* AppDelegate.swift */; };
		B581EE2E1FD82ECE00615865 /* Assets.xcassets in Resources */ = {isa = PBXBuildFile; fileRef = B581EE2D1FD82ECE00615865 /* Assets.xcassets */; };
		B581EE311FD82ECE00615865 /* LaunchScreen.storyboard in Resources */ = {isa = PBXBuildFile; fileRef = B581EE2F1FD82ECE00615865 /* LaunchScreen.storyboard */; };
		B581EE3C1FD82F5500615865 /* ContainerViewController.swift in Sources */ = {isa = PBXBuildFile; fileRef = B581EE391FD82F5500615865 /* ContainerViewController.swift */; };
		B581EE3D1FD82F5500615865 /* LoaderViewController.swift in Sources */ = {isa = PBXBuildFile; fileRef = B581EE3A1FD82F5500615865 /* LoaderViewController.swift */; };
		B581EE3E1FD82F5500615865 /* ViewController.swift in Sources */ = {isa = PBXBuildFile; fileRef = B581EE3B1FD82F5500615865 /* ViewController.swift */; };
/* End PBXBuildFile section */

/* Begin PBXFileReference section */
		178759B11EB4168D6A20A960 /* Pods-NetcoDemo.debug.xcconfig */ = {isa = PBXFileReference; includeInIndex = 1; lastKnownFileType = text.xcconfig; name = "Pods-NetcoDemo.debug.xcconfig"; path = "Pods/Target Support Files/Pods-NetcoDemo/Pods-NetcoDemo.debug.xcconfig"; sourceTree = "<group>"; };
		1BD3F732F42C2C77E8D9FBA0 /* Pods-NetcoDemo.release.xcconfig */ = {isa = PBXFileReference; includeInIndex = 1; lastKnownFileType = text.xcconfig; name = "Pods-NetcoDemo.release.xcconfig"; path = "Pods/Target Support Files/Pods-NetcoDemo/Pods-NetcoDemo.release.xcconfig"; sourceTree = "<group>"; };
		B581EE231FD82ECE00615865 /* NetcoDemo.app */ = {isa = PBXFileReference; explicitFileType = wrapper.application; includeInIndex = 0; path = NetcoDemo.app; sourceTree = BUILT_PRODUCTS_DIR; };
		B581EE261FD82ECE00615865 /* AppDelegate.swift */ = {isa = PBXFileReference; lastKnownFileType = sourcecode.swift; path = AppDelegate.swift; sourceTree = "<group>"; };
		B581EE2D1FD82ECE00615865 /* Assets.xcassets */ = {isa = PBXFileReference; lastKnownFileType = folder.assetcatalog; path = Assets.xcassets; sourceTree = "<group>"; };
		B581EE301FD82ECE00615865 /* Base */ = {isa = PBXFileReference; lastKnownFileType = file.storyboard; name = Base; path = Base.lproj/LaunchScreen.storyboard; sourceTree = "<group>"; };
		B581EE321FD82ECE00615865 /* Info.plist */ = {isa = PBXFileReference; lastKnownFileType = text.plist.xml; path = Info.plist; sourceTree = "<group>"; };
		B581EE391FD82F5500615865 /* ContainerViewController.swift */ = {isa = PBXFileReference; fileEncoding = 4; lastKnownFileType = sourcecode.swift; path = ContainerViewController.swift; sourceTree = "<group>"; };
		B581EE3A1FD82F5500615865 /* LoaderViewController.swift */ = {isa = PBXFileReference; fileEncoding = 4; lastKnownFileType = sourcecode.swift; path = LoaderViewController.swift; sourceTree = "<group>"; };
		B581EE3B1FD82F5500615865 /* ViewController.swift */ = {isa = PBXFileReference; fileEncoding = 4; lastKnownFileType = sourcecode.swift; path = ViewController.swift; sourceTree = "<group>"; };
		E788F19EE4326ACDCBBC3FF3 /* Pods_NetcoDemo.framework */ = {isa = PBXFileReference; explicitFileType = wrapper.framework; includeInIndex = 0; path = Pods_NetcoDemo.framework; sourceTree = BUILT_PRODUCTS_DIR; };
/* End PBXFileReference section */

/* Begin PBXFrameworksBuildPhase section */
		B581EE201FD82ECE00615865 /* Frameworks */ = {
			isa = PBXFrameworksBuildPhase;
			buildActionMask = 2147483647;
			files = (
				63A681F1202E5F9D90BA3DAA /* Pods_NetcoDemo.framework in Frameworks */,
			);
			runOnlyForDeploymentPostprocessing = 0;
		};
/* End PBXFrameworksBuildPhase section */

/* Begin PBXGroup section */
		8700797757FE0D18BA7E0E21 /* Pods */ = {
			isa = PBXGroup;
			children = (
				178759B11EB4168D6A20A960 /* Pods-NetcoDemo.debug.xcconfig */,
				1BD3F732F42C2C77E8D9FBA0 /* Pods-NetcoDemo.release.xcconfig */,
			);
			name = Pods;
			sourceTree = "<group>";
		};
		B581EE1A1FD82ECE00615865 = {
			isa = PBXGroup;
			children = (
				B581EE251FD82ECE00615865 /* NetcoDemo */,
				B581EE241FD82ECE00615865 /* Products */,
				8700797757FE0D18BA7E0E21 /* Pods */,
				DB50B43DB34133417F9618E0 /* Frameworks */,
			);
			sourceTree = "<group>";
		};
		B581EE241FD82ECE00615865 /* Products */ = {
			isa = PBXGroup;
			children = (
				B581EE231FD82ECE00615865 /* NetcoDemo.app */,
			);
			name = Products;
			sourceTree = "<group>";
		};
		B581EE251FD82ECE00615865 /* NetcoDemo */ = {
			isa = PBXGroup;
			children = (
				B581EE381FD82F2600615865 /* Base */,
				B581EE261FD82ECE00615865 /* AppDelegate.swift */,
				B581EE2D1FD82ECE00615865 /* Assets.xcassets */,
				B581EE2F1FD82ECE00615865 /* LaunchScreen.storyboard */,
				B581EE321FD82ECE00615865 /* Info.plist */,
			);
			path = NetcoDemo;
			sourceTree = "<group>";
		};
		B581EE381FD82F2600615865 /* Base */ = {
			isa = PBXGroup;
			children = (
				B581EE391FD82F5500615865 /* ContainerViewController.swift */,
				B581EE3A1FD82F5500615865 /* LoaderViewController.swift */,
				B581EE3B1FD82F5500615865 /* ViewController.swift */,
			);
			path = Base;
			sourceTree = "<group>";
		};
		DB50B43DB34133417F9618E0 /* Frameworks */ = {
			isa = PBXGroup;
			children = (
				E788F19EE4326ACDCBBC3FF3 /* Pods_NetcoDemo.framework */,
			);
			name = Frameworks;
			sourceTree = "<group>";
		};
/* End PBXGroup section */

/* Begin PBXNativeTarget section */
		B581EE221FD82ECE00615865 /* NetcoDemo */ = {
			isa = PBXNativeTarget;
			buildConfigurationList = B581EE351FD82ECE00615865 /* Build configuration list for PBXNativeTarget "NetcoDemo" */;
			buildPhases = (
				7369EC3CB52DCC6041083C11 /* [CP] Check Pods Manifest.lock */,
				B581EE1F1FD82ECE00615865 /* Sources */,
				B581EE201FD82ECE00615865 /* Frameworks */,
				B581EE211FD82ECE00615865 /* Resources */,
				C1ECAF51E625B28AE0903400 /* [CP] Embed Pods Frameworks */,
				0C98D75D374FF73DC89757C5 /* [CP] Copy Pods Resources */,
			);
			buildRules = (
			);
			dependencies = (
			);
			name = NetcoDemo;
			productName = NetcoDemo;
			productReference = B581EE231FD82ECE00615865 /* NetcoDemo.app */;
			productType = "com.apple.product-type.application";
		};
/* End PBXNativeTarget section */

/* Begin PBXProject section */
		B581EE1B1FD82ECE00615865 /* Project object */ = {
			isa = PBXProject;
			attributes = {
				LastSwiftUpdateCheck = 0920;
				LastUpgradeCheck = 0920;
				TargetAttributes = {
					B581EE221FD82ECE00615865 = {
						CreatedOnToolsVersion = 9.2;
						ProvisioningStyle = Manual;
					};
				};
			};
			buildConfigurationList = B581EE1E1FD82ECE00615865 /* Build configuration list for PBXProject "NetcoDemo" */;
			compatibilityVersion = "Xcode 8.0";
			developmentRegion = en;
			hasScannedForEncodings = 0;
			knownRegions = (
				en,
				Base,
			);
			mainGroup = B581EE1A1FD82ECE00615865;
			productRefGroup = B581EE241FD82ECE00615865 /* Products */;
			projectDirPath = "";
			projectRoot = "";
			targets = (
				B581EE221FD82ECE00615865 /* NetcoDemo */,
			);
		};
/* End PBXProject section */

/* Begin PBXResourcesBuildPhase section */
		B581EE211FD82ECE00615865 /* Resources */ = {
			isa = PBXResourcesBuildPhase;
			buildActionMask = 2147483647;
			files = (
				B581EE311FD82ECE00615865 /* LaunchScreen.storyboard in Resources */,
				B581EE2E1FD82ECE00615865 /* Assets.xcassets in Resources */,
			);
			runOnlyForDeploymentPostprocessing = 0;
		};
/* End PBXResourcesBuildPhase section */

/* Begin PBXShellScriptBuildPhase section */
		0C98D75D374FF73DC89757C5 /* [CP] Copy Pods Resources */ = {
			isa = PBXShellScriptBuildPhase;
			buildActionMask = 2147483647;
			files = (
			);
			inputPaths = (
			);
			name = "[CP] Copy Pods Resources";
			outputPaths = (
			);
			runOnlyForDeploymentPostprocessing = 0;
			shellPath = /bin/sh;
			shellScript = "\"${SRCROOT}/Pods/Target Support Files/Pods-NetcoDemo/Pods-NetcoDemo-resources.sh\"\n";
			showEnvVarsInLog = 0;
		};
		7369EC3CB52DCC6041083C11 /* [CP] Check Pods Manifest.lock */ = {
			isa = PBXShellScriptBuildPhase;
			buildActionMask = 2147483647;
			files = (
			);
			inputPaths = (
				"${PODS_PODFILE_DIR_PATH}/Podfile.lock",
				"${PODS_ROOT}/Manifest.lock",
			);
			name = "[CP] Check Pods Manifest.lock";
			outputPaths = (
				"$(DERIVED_FILE_DIR)/Pods-NetcoDemo-checkManifestLockResult.txt",
			);
			runOnlyForDeploymentPostprocessing = 0;
			shellPath = /bin/sh;
			shellScript = "diff \"${PODS_PODFILE_DIR_PATH}/Podfile.lock\" \"${PODS_ROOT}/Manifest.lock\" > /dev/null\nif [ $? != 0 ] ; then\n    # print error to STDERR\n    echo \"error: The sandbox is not in sync with the Podfile.lock. Run 'pod install' or update your CocoaPods installation.\" >&2\n    exit 1\nfi\n# This output is used by Xcode 'outputs' to avoid re-running this script phase.\necho \"SUCCESS\" > \"${SCRIPT_OUTPUT_FILE_0}\"\n";
			showEnvVarsInLog = 0;
		};
		C1ECAF51E625B28AE0903400 /* [CP] Embed Pods Frameworks */ = {
			isa = PBXShellScriptBuildPhase;
			buildActionMask = 2147483647;
			files = (
			);
			inputPaths = (
				"${SRCROOT}/Pods/Target Support Files/Pods-NetcoDemo/Pods-NetcoDemo-frameworks.sh",
				"${BUILT_PRODUCTS_DIR}/Astrolabe/Astrolabe.framework",
				"${BUILT_PRODUCTS_DIR}/FormatterKit/FormatterKit.framework",
				"${BUILT_PRODUCTS_DIR}/Gnomon/Gnomon.framework",
				"${BUILT_PRODUCTS_DIR}/RxCocoa/RxCocoa.framework",
				"${BUILT_PRODUCTS_DIR}/RxSwift/RxSwift.framework",
				"${BUILT_PRODUCTS_DIR}/SDWebImage/SDWebImage.framework",
				"${BUILT_PRODUCTS_DIR}/SnapKit/SnapKit.framework",
				"${BUILT_PRODUCTS_DIR}/SwiftyJSON/SwiftyJSON.framework",
			);
			name = "[CP] Embed Pods Frameworks";
			outputPaths = (
				"${TARGET_BUILD_DIR}/${FRAMEWORKS_FOLDER_PATH}/Astrolabe.framework",
				"${TARGET_BUILD_DIR}/${FRAMEWORKS_FOLDER_PATH}/FormatterKit.framework",
				"${TARGET_BUILD_DIR}/${FRAMEWORKS_FOLDER_PATH}/Gnomon.framework",
				"${TARGET_BUILD_DIR}/${FRAMEWORKS_FOLDER_PATH}/RxCocoa.framework",
				"${TARGET_BUILD_DIR}/${FRAMEWORKS_FOLDER_PATH}/RxSwift.framework",
				"${TARGET_BUILD_DIR}/${FRAMEWORKS_FOLDER_PATH}/SDWebImage.framework",
				"${TARGET_BUILD_DIR}/${FRAMEWORKS_FOLDER_PATH}/SnapKit.framework",
				"${TARGET_BUILD_DIR}/${FRAMEWORKS_FOLDER_PATH}/SwiftyJSON.framework",
			);
			runOnlyForDeploymentPostprocessing = 0;
			shellPath = /bin/sh;
			shellScript = "\"${SRCROOT}/Pods/Target Support Files/Pods-NetcoDemo/Pods-NetcoDemo-frameworks.sh\"\n";
			showEnvVarsInLog = 0;
		};
/* End PBXShellScriptBuildPhase section */

/* Begin PBXSourcesBuildPhase section */
		B581EE1F1FD82ECE00615865 /* Sources */ = {
			isa = PBXSourcesBuildPhase;
			buildActionMask = 2147483647;
			files = (
				B581EE3C1FD82F5500615865 /* ContainerViewController.swift in Sources */,
				B581EE3D1FD82F5500615865 /* LoaderViewController.swift in Sources */,
				B581EE3E1FD82F5500615865 /* ViewController.swift in Sources */,
				B581EE271FD82ECE00615865 /* AppDelegate.swift in Sources */,
			);
			runOnlyForDeploymentPostprocessing = 0;
		};
/* End PBXSourcesBuildPhase section */

/* Begin PBXVariantGroup section */
		B581EE2F1FD82ECE00615865 /* LaunchScreen.storyboard */ = {
			isa = PBXVariantGroup;
			children = (
				B581EE301FD82ECE00615865 /* Base */,
			);
			name = LaunchScreen.storyboard;
			sourceTree = "<group>";
		};
/* End PBXVariantGroup section */

/* Begin XCBuildConfiguration section */
		B581EE331FD82ECE00615865 /* Debug */ = {
			isa = XCBuildConfiguration;
			buildSettings = {
				ALWAYS_SEARCH_USER_PATHS = NO;
				CLANG_ANALYZER_NONNULL = YES;
				CLANG_ANALYZER_NUMBER_OBJECT_CONVERSION = YES_AGGRESSIVE;
				CLANG_CXX_LANGUAGE_STANDARD = "gnu++14";
				CLANG_CXX_LIBRARY = "libc++";
				CLANG_ENABLE_MODULES = YES;
				CLANG_ENABLE_OBJC_ARC = YES;
				CLANG_WARN_BLOCK_CAPTURE_AUTORELEASING = YES;
				CLANG_WARN_BOOL_CONVERSION = YES;
				CLANG_WARN_COMMA = YES;
				CLANG_WARN_CONSTANT_CONVERSION = YES;
				CLANG_WARN_DIRECT_OBJC_ISA_USAGE = YES_ERROR;
				CLANG_WARN_DOCUMENTATION_COMMENTS = YES;
				CLANG_WARN_EMPTY_BODY = YES;
				CLANG_WARN_ENUM_CONVERSION = YES;
				CLANG_WARN_INFINITE_RECURSION = YES;
				CLANG_WARN_INT_CONVERSION = YES;
				CLANG_WARN_NON_LITERAL_NULL_CONVERSION = YES;
				CLANG_WARN_OBJC_LITERAL_CONVERSION = YES;
				CLANG_WARN_OBJC_ROOT_CLASS = YES_ERROR;
				CLANG_WARN_RANGE_LOOP_ANALYSIS = YES;
				CLANG_WARN_STRICT_PROTOTYPES = YES;
				CLANG_WARN_SUSPICIOUS_MOVE = YES;
				CLANG_WARN_UNGUARDED_AVAILABILITY = YES_AGGRESSIVE;
				CLANG_WARN_UNREACHABLE_CODE = YES;
				CLANG_WARN__DUPLICATE_METHOD_MATCH = YES;
				CODE_SIGN_IDENTITY = "iPhone Developer";
				COPY_PHASE_STRIP = NO;
				DEBUG_INFORMATION_FORMAT = dwarf;
				ENABLE_STRICT_OBJC_MSGSEND = YES;
				ENABLE_TESTABILITY = YES;
				GCC_C_LANGUAGE_STANDARD = gnu11;
				GCC_DYNAMIC_NO_PIC = NO;
				GCC_NO_COMMON_BLOCKS = YES;
				GCC_OPTIMIZATION_LEVEL = 0;
				GCC_PREPROCESSOR_DEFINITIONS = (
					"DEBUG=1",
					"$(inherited)",
				);
				GCC_WARN_64_TO_32_BIT_CONVERSION = YES;
				GCC_WARN_ABOUT_RETURN_TYPE = YES_ERROR;
				GCC_WARN_UNDECLARED_SELECTOR = YES;
				GCC_WARN_UNINITIALIZED_AUTOS = YES_AGGRESSIVE;
				GCC_WARN_UNUSED_FUNCTION = YES;
				GCC_WARN_UNUSED_VARIABLE = YES;
				IPHONEOS_DEPLOYMENT_TARGET = 11.2;
				MTL_ENABLE_DEBUG_INFO = YES;
				ONLY_ACTIVE_ARCH = YES;
				SDKROOT = iphoneos;
				SWIFT_ACTIVE_COMPILATION_CONDITIONS = DEBUG;
				SWIFT_OPTIMIZATION_LEVEL = "-Onone";
			};
			name = Debug;
		};
		B581EE341FD82ECE00615865 /* Release */ = {
			isa = XCBuildConfiguration;
			buildSettings = {
				ALWAYS_SEARCH_USER_PATHS = NO;
				CLANG_ANALYZER_NONNULL = YES;
				CLANG_ANALYZER_NUMBER_OBJECT_CONVERSION = YES_AGGRESSIVE;
				CLANG_CXX_LANGUAGE_STANDARD = "gnu++14";
				CLANG_CXX_LIBRARY = "libc++";
				CLANG_ENABLE_MODULES = YES;
				CLANG_ENABLE_OBJC_ARC = YES;
				CLANG_WARN_BLOCK_CAPTURE_AUTORELEASING = YES;
				CLANG_WARN_BOOL_CONVERSION = YES;
				CLANG_WARN_COMMA = YES;
				CLANG_WARN_CONSTANT_CONVERSION = YES;
				CLANG_WARN_DIRECT_OBJC_ISA_USAGE = YES_ERROR;
				CLANG_WARN_DOCUMENTATION_COMMENTS = YES;
				CLANG_WARN_EMPTY_BODY = YES;
				CLANG_WARN_ENUM_CONVERSION = YES;
				CLANG_WARN_INFINITE_RECURSION = YES;
				CLANG_WARN_INT_CONVERSION = YES;
				CLANG_WARN_NON_LITERAL_NULL_CONVERSION = YES;
				CLANG_WARN_OBJC_LITERAL_CONVERSION = YES;
				CLANG_WARN_OBJC_ROOT_CLASS = YES_ERROR;
				CLANG_WARN_RANGE_LOOP_ANALYSIS = YES;
				CLANG_WARN_STRICT_PROTOTYPES = YES;
				CLANG_WARN_SUSPICIOUS_MOVE = YES;
				CLANG_WARN_UNGUARDED_AVAILABILITY = YES_AGGRESSIVE;
				CLANG_WARN_UNREACHABLE_CODE = YES;
				CLANG_WARN__DUPLICATE_METHOD_MATCH = YES;
				CODE_SIGN_IDENTITY = "iPhone Developer";
				COPY_PHASE_STRIP = NO;
				DEBUG_INFORMATION_FORMAT = "dwarf-with-dsym";
				ENABLE_NS_ASSERTIONS = NO;
				ENABLE_STRICT_OBJC_MSGSEND = YES;
				GCC_C_LANGUAGE_STANDARD = gnu11;
				GCC_NO_COMMON_BLOCKS = YES;
				GCC_WARN_64_TO_32_BIT_CONVERSION = YES;
				GCC_WARN_ABOUT_RETURN_TYPE = YES_ERROR;
				GCC_WARN_UNDECLARED_SELECTOR = YES;
				GCC_WARN_UNINITIALIZED_AUTOS = YES_AGGRESSIVE;
				GCC_WARN_UNUSED_FUNCTION = YES;
				GCC_WARN_UNUSED_VARIABLE = YES;
				IPHONEOS_DEPLOYMENT_TARGET = 11.2;
				MTL_ENABLE_DEBUG_INFO = NO;
				SDKROOT = iphoneos;
				SWIFT_OPTIMIZATION_LEVEL = "-Owholemodule";
				VALIDATE_PRODUCT = YES;
			};
			name = Release;
		};
		B581EE361FD82ECE00615865 /* Debug */ = {
			isa = XCBuildConfiguration;
			baseConfigurationReference = 178759B11EB4168D6A20A960 /* Pods-NetcoDemo.debug.xcconfig */;
			buildSettings = {
				ASSETCATALOG_COMPILER_APPICON_NAME = AppIcon;
				CODE_SIGN_STYLE = Manual;
				DEVELOPMENT_TEAM = "";
				INFOPLIST_FILE = NetcoDemo/Info.plist;
				LD_RUNPATH_SEARCH_PATHS = "$(inherited) @executable_path/Frameworks";
				PRODUCT_BUNDLE_IDENTIFIER = com.example.NetcoDemo;
				PRODUCT_NAME = "$(TARGET_NAME)";
				PROVISIONING_PROFILE_SPECIFIER = "";
				SWIFT_VERSION = 4.0;
				TARGETED_DEVICE_FAMILY = "1,2";
			};
			name = Debug;
		};
		B581EE371FD82ECE00615865 /* Release */ = {
			isa = XCBuildConfiguration;
			baseConfigurationReference = 1BD3F732F42C2C77E8D9FBA0 /* Pods-NetcoDemo.release.xcconfig */;
			buildSettings = {
				ASSETCATALOG_COMPILER_APPICON_NAME = AppIcon;
				CODE_SIGN_STYLE = Manual;
				DEVELOPMENT_TEAM = "";
				INFOPLIST_FILE = NetcoDemo/Info.plist;
				LD_RUNPATH_SEARCH_PATHS = "$(inherited) @executable_path/Frameworks";
				PRODUCT_BUNDLE_IDENTIFIER = com.example.NetcoDemo;
				PRODUCT_NAME = "$(TARGET_NAME)";
				PROVISIONING_PROFILE_SPECIFIER = "";
				SWIFT_VERSION = 4.0;
				TARGETED_DEVICE_FAMILY = "1,2";
			};
			name = Release;
		};
/* End XCBuildConfiguration section */

/* Begin XCConfigurationList section */
		B581EE1E1FD82ECE00615865 /* Build configuration list for PBXProject "NetcoDemo" */ = {
			isa = XCConfigurationList;
			buildConfigurations = (
				B581EE331FD82ECE00615865 /* Debug */,
				B581EE341FD82ECE00615865 /* Release */,
			);
			defaultConfigurationIsVisible = 0;
			defaultConfigurationName = Release;
		};
		B581EE351FD82ECE00615865 /* Build configuration list for PBXNativeTarget "NetcoDemo" */ = {
			isa = XCConfigurationList;
			buildConfigurations = (
				B581EE361FD82ECE00615865 /* Debug */,
				B581EE371FD82ECE00615865 /* Release */,
			);
			defaultConfigurationIsVisible = 0;
			defaultConfigurationName = Release;
		};
/* End XCConfigurationList section */
	};
	rootObject = B581EE1B1FD82ECE00615865 /* Project object */;
}
